
Microsoft Visual Studio Solution File, Format Version 12.00
# Visual Studio Version 17
VisualStudioVersion = 17.3.32922.545
MinimumVisualStudioVersion = 10.0.40219.1
Project("{FAE04EC0-301F-11D3-BF4B-00C04F79EFBC}") = "AdressBok", "AdressBok\AdressBok.csproj", "{CE247CE4-FC15-44E7-AA0D-D323EE6CCD2B}"
EndProject
Global
	GlobalSection(SolutionConfigurationPlatforms) = preSolution
		Debug|Any CPU = Debug|Any CPU
		Release|Any CPU = Release|Any CPU
	EndGlobalSection
	GlobalSection(ProjectConfigurationPlatforms) = postSolution
		{CE247CE4-FC15-44E7-AA0D-D323EE6CCD2B}.Debug|Any CPU.ActiveCfg = Debug|Any CPU
		{CE247CE4-FC15-44E7-AA0D-D323EE6CCD2B}.Debug|Any CPU.Build.0 = Debug|Any CPU
		{CE247CE4-FC15-44E7-AA0D-D323EE6CCD2B}.Release|Any CPU.ActiveCfg = Release|Any CPU
		{CE247CE4-FC15-44E7-AA0D-D323EE6CCD2B}.Release|Any CPU.Build.0 = Release|Any CPU
	EndGlobalSection
	GlobalSection(SolutionProperties) = preSolution
		HideSolutionNode = FALSE
	EndGlobalSection
	GlobalSection(ExtensibilityGlobals) = postSolution
		SolutionGuid = {F9D8BCA3-4E69-4202-9535-56B3F4E58305}
	EndGlobalSection
EndGlobal
